// !$*UTF8*$!
{
	archiveVersion = 1;
	classes = {
	};
	objectVersion = 46;
	objects = {

/* Begin PBXBuildFile section */
		036680861DBADCCF001BFFAA /* AppDelegate.swift in Sources */ = {isa = PBXBuildFile; fileRef = 036680851DBADCCF001BFFAA /* AppDelegate.swift */; };
		036680881DBADCCF001BFFAA /* ViewController.swift in Sources */ = {isa = PBXBuildFile; fileRef = 036680871DBADCCF001BFFAA /* ViewController.swift */; };
		0366808B1DBADCCF001BFFAA /* Main.storyboard in Resources */ = {isa = PBXBuildFile; fileRef = 036680891DBADCCF001BFFAA /* Main.storyboard */; };
		0366808D1DBADCCF001BFFAA /* Assets.xcassets in Resources */ = {isa = PBXBuildFile; fileRef = 0366808C1DBADCCF001BFFAA /* Assets.xcassets */; };
		036680901DBADCCF001BFFAA /* LaunchScreen.storyboard in Resources */ = {isa = PBXBuildFile; fileRef = 0366808E1DBADCCF001BFFAA /* LaunchScreen.storyboard */; };
/* End PBXBuildFile section */

/* Begin PBXFileReference section */
		036680821DBADCCF001BFFAA /* Health-Care.app */ = {isa = PBXFileReference; explicitFileType = wrapper.application; includeInIndex = 0; path = "Health-Care.app"; sourceTree = BUILT_PRODUCTS_DIR; };
		036680851DBADCCF001BFFAA /* AppDelegate.swift */ = {isa = PBXFileReference; lastKnownFileType = sourcecode.swift; path = AppDelegate.swift; sourceTree = "<group>"; };
		036680871DBADCCF001BFFAA /* ViewController.swift */ = {isa = PBXFileReference; lastKnownFileType = sourcecode.swift; path = ViewController.swift; sourceTree = "<group>"; };
		0366808A1DBADCCF001BFFAA /* Base */ = {isa = PBXFileReference; lastKnownFileType = file.storyboard; name = Base; path = Base.lproj/Main.storyboard; sourceTree = "<group>"; };
		0366808C1DBADCCF001BFFAA /* Assets.xcassets */ = {isa = PBXFileReference; lastKnownFileType = folder.assetcatalog; path = Assets.xcassets; sourceTree = "<group>"; };
		0366808F1DBADCCF001BFFAA /* Base */ = {isa = PBXFileReference; lastKnownFileType = file.storyboard; name = Base; path = Base.lproj/LaunchScreen.storyboard; sourceTree = "<group>"; };
		036680911DBADCCF001BFFAA /* Info.plist */ = {isa = PBXFileReference; lastKnownFileType = text.plist.xml; path = Info.plist; sourceTree = "<group>"; };
/* End PBXFileReference section */

/* Begin PBXFrameworksBuildPhase section */
		0366807F1DBADCCE001BFFAA /* Frameworks */ = {
			isa = PBXFrameworksBuildPhase;
			buildActionMask = 2147483647;
			files = (
			);
			runOnlyForDeploymentPostprocessing = 0;
		};
/* End PBXFrameworksBuildPhase section */

/* Begin PBXGroup section */
		036680791DBADCCE001BFFAA = {
			isa = PBXGroup;
			children = (
				036680841DBADCCF001BFFAA /* Health-Care */,
				036680831DBADCCF001BFFAA /* Products */,
			);
			sourceTree = "<group>";
		};
		036680831DBADCCF001BFFAA /* Products */ = {
			isa = PBXGroup;
			children = (
				036680821DBADCCF001BFFAA /* Health-Care.app */,
			);
			name = Products;
			sourceTree = "<group>";
		};
		036680841DBADCCF001BFFAA /* Health-Care */ = {
			isa = PBXGroup;
			children = (
				036680851DBADCCF001BFFAA /* AppDelegate.swift */,
				036680871DBADCCF001BFFAA /* ViewController.swift */,
				036680891DBADCCF001BFFAA /* Main.storyboard */,
				0366808C1DBADCCF001BFFAA /* Assets.xcassets */,
				0366808E1DBADCCF001BFFAA /* LaunchScreen.storyboard */,
				036680911DBADCCF001BFFAA /* Info.plist */,
			);
			path = "Health-Care";
			sourceTree = "<group>";
		};
/* End PBXGroup section */

/* Begin PBXNativeTarget section */
		036680811DBADCCE001BFFAA /* Health-Care */ = {
			isa = PBXNativeTarget;
			buildConfigurationList = 036680941DBADCCF001BFFAA /* Build configuration list for PBXNativeTarget "Health-Care" */;
			buildPhases = (
				0366807E1DBADCCE001BFFAA /* Sources */,
				0366807F1DBADCCE001BFFAA /* Frameworks */,
				036680801DBADCCE001BFFAA /* Resources */,
			);
			buildRules = (
			);
			dependencies = (
			);
			name = "Health-Care";
			productName = "Health-Care";
			productReference = 036680821DBADCCF001BFFAA /* Health-Care.app */;
			productType = "com.apple.product-type.application";
		};
/* End PBXNativeTarget section */

/* Begin PBXProject section */
		0366807A1DBADCCE001BFFAA /* Project object */ = {
			isa = PBXProject;
			attributes = {
				LastSwiftUpdateCheck = 0800;
				LastUpgradeCheck = 0800;
				ORGANIZATIONNAME = Emergency;
				TargetAttributes = {
					036680811DBADCCE001BFFAA = {
						CreatedOnToolsVersion = 8.0;
						ProvisioningStyle = Automatic;
					};
				};
			};
			buildConfigurationList = 0366807D1DBADCCE001BFFAA /* Build configuration list for PBXProject "Health-Care" */;
			compatibilityVersion = "Xcode 3.2";
			developmentRegion = English;
			hasScannedForEncodings = 0;
			knownRegions = (
				en,
				Base,
			);
			mainGroup = 036680791DBADCCE001BFFAA;
			productRefGroup = 036680831DBADCCF001BFFAA /* Products */;
			projectDirPath = "";
			projectRoot = "";
			targets = (
				036680811DBADCCE001BFFAA /* Health-Care */,
			);
		};
/* End PBXProject section */

/* Begin PBXResourcesBuildPhase section */
		036680801DBADCCE001BFFAA /* Resources */ = {
			isa = PBXResourcesBuildPhase;
			buildActionMask = 2147483647;
			files = (
				036680901DBADCCF001BFFAA /* LaunchScreen.storyboard in Resources */,
				0366808D1DBADCCF001BFFAA /* Assets.xcassets in Resources */,
				0366808B1DBADCCF001BFFAA /* Main.storyboard in Resources */,
			);
			runOnlyForDeploymentPostprocessing = 0;
		};
/* End PBXResourcesBuildPhase section */

/* Begin PBXSourcesBuildPhase section */
		0366807E1DBADCCE001BFFAA /* Sources */ = {
			isa = PBXSourcesBuildPhase;
			buildActionMask = 2147483647;
			files = (
				036680881DBADCCF001BFFAA /* ViewController.swift in Sources */,
				036680861DBADCCF001BFFAA /* AppDelegate.swift in Sources */,
			);
			runOnlyForDeploymentPostprocessing = 0;
		};
/* End PBXSourcesBuildPhase section */

/* Begin PBXVariantGroup section */
		036680891DBADCCF001BFFAA /* Main.storyboard */ = {
			isa = PBXVariantGroup;
			children = (
				0366808A1DBADCCF001BFFAA /* Base */,
			);
			name = Main.storyboard;
			sourceTree = "<group>";
		};
		0366808E1DBADCCF001BFFAA /* LaunchScreen.storyboard */ = {
			isa = PBXVariantGroup;
			children = (
				0366808F1DBADCCF001BFFAA /* Base */,
			);
			name = LaunchScreen.storyboard;
			sourceTree = "<group>";
		};
/* End PBXVariantGroup section */

/* Begin XCBuildConfiguration section */
		036680921DBADCCF001BFFAA /* Debug */ = {
			isa = XCBuildConfiguration;
			buildSettings = {
				ALWAYS_SEARCH_USER_PATHS = NO;
				CLANG_ANALYZER_NONNULL = YES;
				CLANG_CXX_LANGUAGE_STANDARD = "gnu++0x";
				CLANG_CXX_LIBRARY = "libc++";
				CLANG_ENABLE_MODULES = YES;
				CLANG_ENABLE_OBJC_ARC = YES;
				CLANG_WARN_BOOL_CONVERSION = YES;
				CLANG_WARN_CONSTANT_CONVERSION = YES;
				CLANG_WARN_DIRECT_OBJC_ISA_USAGE = YES_ERROR;
				CLANG_WARN_DOCUMENTATION_COMMENTS = YES;
				CLANG_WARN_EMPTY_BODY = YES;
				CLANG_WARN_ENUM_CONVERSION = YES;
				CLANG_WARN_INFINITE_RECURSION = YES;
				CLANG_WARN_INT_CONVERSION = YES;
				CLANG_WARN_OBJC_ROOT_CLASS = YES_ERROR;
				CLANG_WARN_SUSPICIOUS_MOVES = YES;
				CLANG_WARN_UNREACHABLE_CODE = YES;
				CLANG_WARN__DUPLICATE_METHOD_MATCH = YES;
				"CODE_SIGN_IDENTITY[sdk=iphoneos*]" = "iPhone Developer";
				COPY_PHASE_STRIP = NO;
				DEBUG_INFORMATION_FORMAT = dwarf;
				ENABLE_STRICT_OBJC_MSGSEND = YES;
				ENABLE_TESTABILITY = YES;
				GCC_C_LANGUAGE_STANDARD = gnu99;
				GCC_DYNAMIC_NO_PIC = NO;
				GCC_NO_COMMON_BLOCKS = YES;
				GCC_OPTIMIZATION_LEVEL = 0;
				GCC_PREPROCESSOR_DEFINITIONS = (
					"DEBUG=1",
					"$(inherited)",
				);
				GCC_WARN_64_TO_32_BIT_CONVERSION = YES;
				GCC_WARN_ABOUT_RETURN_TYPE = YES_ERROR;
				GCC_WARN_UNDECLARED_SELECTOR = YES;
				GCC_WARN_UNINITIALIZED_AUTOS = YES_AGGRESSIVE;
				GCC_WARN_UNUSED_FUNCTION = YES;
				GCC_WARN_UNUSED_VARIABLE = YES;
				IPHONEOS_DEPLOYMENT_TARGET = 10.0;
				MTL_ENABLE_DEBUG_INFO = YES;
				ONLY_ACTIVE_ARCH = YES;
				SDKROOT = iphoneos;
				SWIFT_ACTIVE_COMPILATION_CONDITIONS = DEBUG;
				SWIFT_OPTIMIZATION_LEVEL = "-Onone";
				TARGETED_DEVICE_FAMILY = "1,2";
			};
			name = Debug;
		};
		036680931DBADCCF001BFFAA /* Release */ = {
			isa = XCBuildConfiguration;
			buildSettings = {
				ALWAYS_SEARCH_USER_PATHS = NO;
				CLANG_ANALYZER_NONNULL = YES;
				CLANG_CXX_LANGUAGE_STANDARD = "gnu++0x";
				CLANG_CXX_LIBRARY = "libc++";
				CLANG_ENABLE_MODULES = YES;
				CLANG_ENABLE_OBJC_ARC = YES;
				CLANG_WARN_BOOL_CONVERSION = YES;
				CLANG_WARN_CONSTANT_CONVERSION = YES;
				CLANG_WARN_DIRECT_OBJC_ISA_USAGE = YES_ERROR;
				CLANG_WARN_DOCUMENTATION_COMMENTS = YES;
				CLANG_WARN_EMPTY_BODY = YES;
				CLANG_WARN_ENUM_CONVERSION = YES;
				CLANG_WARN_INFINITE_RECURSION = YES;
				CLANG_WARN_INT_CONVERSION = YES;
				CLANG_WARN_OBJC_ROOT_CLASS = YES_ERROR;
				CLANG_WARN_SUSPICIOUS_MOVES = YES;
				CLANG_WARN_UNREACHABLE_CODE = YES;
				CLANG_WARN__DUPLICATE_METHOD_MATCH = YES;
				"CODE_SIGN_IDENTITY[sdk=iphoneos*]" = "iPhone Developer";
				COPY_PHASE_STRIP = NO;
				DEBUG_INFORMATION_FORMAT = "dwarf-with-dsym";
				ENABLE_NS_ASSERTIONS = NO;
				ENABLE_STRICT_OBJC_MSGSEND = YES;
				GCC_C_LANGUAGE_STANDARD = gnu99;
				GCC_NO_COMMON_BLOCKS = YES;
				GCC_WARN_64_TO_32_BIT_CONVERSION = YES;
				GCC_WARN_ABOUT_RETURN_TYPE = YES_ERROR;
				GCC_WARN_UNDECLARED_SELECTOR = YES;
				GCC_WARN_UNINITIALIZED_AUTOS = YES_AGGRESSIVE;
				GCC_WARN_UNUSED_FUNCTION = YES;
				GCC_WARN_UNUSED_VARIABLE = YES;
				IPHONEOS_DEPLOYMENT_TARGET = 10.0;
				MTL_ENABLE_DEBUG_INFO = NO;
				SDKROOT = iphoneos;
				SWIFT_OPTIMIZATION_LEVEL = "-Owholemodule";
				TARGETED_DEVICE_FAMILY = "1,2";
				VALIDATE_PRODUCT = YES;
			};
			name = Release;
		};
		036680951DBADCCF001BFFAA /* Debug */ = {
			isa = XCBuildConfiguration;
			buildSettings = {
				ASSETCATALOG_COMPILER_APPICON_NAME = AppIcon;
				INFOPLIST_FILE = "Health-Care/Info.plist";
				LD_RUNPATH_SEARCH_PATHS = "$(inherited) @executable_path/Frameworks";
				PRODUCT_BUNDLE_IDENTIFIER = "Health-Care";
				PRODUCT_NAME = "$(TARGET_NAME)";
				SWIFT_VERSION = 3.0;
			};
			name = Debug;
		};
		036680961DBADCCF001BFFAA /* Release */ = {
			isa = XCBuildConfiguration;
			buildSettings = {
				ASSETCATALOG_COMPILER_APPICON_NAME = AppIcon;
				INFOPLIST_FILE = "Health-Care/Info.plist";
				LD_RUNPATH_SEARCH_PATHS = "$(inherited) @executable_path/Frameworks";
				PRODUCT_BUNDLE_IDENTIFIER = "Health-Care";
				PRODUCT_NAME = "$(TARGET_NAME)";
				SWIFT_VERSION = 3.0;
			};
			name = Release;
		};
/* End XCBuildConfiguration section */

/* Begin XCConfigurationList section */
		0366807D1DBADCCE001BFFAA /* Build configuration list for PBXProject "Health-Care" */ = {
			isa = XCConfigurationList;
			buildConfigurations = (
				036680921DBADCCF001BFFAA /* Debug */,
				036680931DBADCCF001BFFAA /* Release */,
			);
			defaultConfigurationIsVisible = 0;
			defaultConfigurationName = Release;
		};
		036680941DBADCCF001BFFAA /* Build configuration list for PBXNativeTarget "Health-Care" */ = {
			isa = XCConfigurationList;
			buildConfigurations = (
				036680951DBADCCF001BFFAA /* Debug */,
				036680961DBADCCF001BFFAA /* Release */,
			);
			defaultConfigurationIsVisible = 0;
		};
/* End XCConfigurationList section */
	};
	rootObject = 0366807A1DBADCCE001BFFAA /* Project object */;
}
